
Microsoft Visual Studio Solution File, Format Version 12.00
# Visual Studio Version 16
VisualStudioVersion = 16.0.810.25
MinimumVisualStudioVersion = 10.0.40219.1
Project("{FAE04EC0-301F-11D3-BF4B-00C04F79EFBC}") = "1Mod", "1Mod\1Mod.csproj", "{B66EC67D-0FB4-4393-8FC1-0BDC01A4EF4E}"
EndProject
Global
	GlobalSection(SolutionConfigurationPlatforms) = preSolution
		Debug|Any CPU = Debug|Any CPU
		Release|Any CPU = Release|Any CPU
	EndGlobalSection
	GlobalSection(ProjectConfigurationPlatforms) = postSolution
		{B66EC67D-0FB4-4393-8FC1-0BDC01A4EF4E}.Debug|Any CPU.ActiveCfg = Debug|Any CPU
		{B66EC67D-0FB4-4393-8FC1-0BDC01A4EF4E}.Debug|Any CPU.Build.0 = Debug|Any CPU
		{B66EC67D-0FB4-4393-8FC1-0BDC01A4EF4E}.Release|Any CPU.ActiveCfg = Release|Any CPU
		{B66EC67D-0FB4-4393-8FC1-0BDC01A4EF4E}.Release|Any CPU.Build.0 = Release|Any CPU
	EndGlobalSection
	GlobalSection(SolutionProperties) = preSolution
		HideSolutionNode = FALSE
	EndGlobalSection
	GlobalSection(ExtensibilityGlobals) = postSolution
		SolutionGuid = {506490AA-BCAB-4580-AADF-D35E62F53B91}
	EndGlobalSection
EndGlobal
